{
  "projects": [
    {
      "projectId": "szjgMQpPpxhmkjnaBvZQJG",
      "version": "2.25.0",
      "dependencies": {},
      "lang": "js",
      "fileLocks": [
        {
          "assetId": "szjgMQpPpxhmkjnaBvZQJG",
          "type": "projectCss",
          "checksum": "29b90e78e5c36e5dc978e0c572d9fc75"
        }
      ],
      "codegenVersion": "0.0.1"
    },
    {
      "projectId": "9DLyskYk67REQMnTM53pan",
      "version": "latest",
      "dependencies": {
        "szjgMQpPpxhmkjnaBvZQJG": "2.25.0",
        "7nJ7UcFmq9UzB6eXfC5z4a": "0.28.0",
        "gLnoj82AzKVVT7qXiqAbHD": "2.11.0",
        "8PtdGodUbexNYgkuyBUcWu": "3.24.0",
        "caTPwKxj5ZrD9LQ7DMdK4Z": "3.36.0"
      },
      "lang": "js",
      "fileLocks": [
        {
          "type": "globalVariant",
          "assetId": "aFh7xZwKhsDA",
          "checksum": "cfdc17f7008c45943d92c7dfd645115d"
        },
        {
          "type": "renderModule",
          "assetId": "Rk7u60FIxD5x",
          "checksum": "976eaee6dca9a3fc2238e54fb5cca916"
        },
        {
          "type": "cssRules",
          "assetId": "Rk7u60FIxD5x",
          "checksum": "976eaee6dca9a3fc2238e54fb5cca916"
        },
        {
          "type": "renderModule",
          "assetId": "0n7Sno43fc3P",
          "checksum": "7715c6dcf4895dc036a2b06016eb4bae"
        },
        {
          "type": "cssRules",
          "assetId": "0n7Sno43fc3P",
          "checksum": "7715c6dcf4895dc036a2b06016eb4bae"
        },
        {
          "type": "renderModule",
          "assetId": "VioHJSVZJRHK",
          "checksum": "f38aaa2d0d7149b77e2bc4c22b1d3e57"
        },
        {
          "type": "cssRules",
          "assetId": "VioHJSVZJRHK",
          "checksum": "f38aaa2d0d7149b77e2bc4c22b1d3e57"
        },
        {
          "type": "renderModule",
          "assetId": "BK1v8G4xw2wg",
          "checksum": "02db75184aa6f31464d79214dec23b4f"
        },
        {
          "type": "cssRules",
          "assetId": "BK1v8G4xw2wg",
          "checksum": "02db75184aa6f31464d79214dec23b4f"
        },
        {
          "type": "icon",
          "assetId": "ypFp-QTScmv_",
          "checksum": "ab4eeca5a985e76fdb457714197c2cfb"
        },
        {
          "type": "icon",
          "assetId": "tEOdVAoEtxuX",
          "checksum": "3b3ea95667a4def7277d391e4055d6a5"
        },
        {
          "type": "icon",
          "assetId": "yLdiNZEtYMhA",
          "checksum": "cb795cd341386fc9b594368fd22dc8ae"
        },
        {
          "type": "image",
          "assetId": "mUzlPaZEdjiu",
          "checksum": "be3dcc60080c560b334d01b54d1241ed"
        },
        {
          "assetId": "9DLyskYk67REQMnTM53pan",
          "type": "projectCss",
          "checksum": "ffc6524b8b4628908ca5d0b931def52a"
        },
        {
          "assetId": "9DLyskYk67REQMnTM53pan",
          "checksum": "b345512ae6a2e9b64ed93752d124685a",
          "type": "globalContexts"
        },
        {
          "type": "icon",
          "assetId": "Yt_kSm4JLsNv",
          "checksum": "c33119babf388d50a842a7194019779f"
        },
        {
          "type": "icon",
          "assetId": "S3JTgsTTnihB",
          "checksum": "c0c1b59da7424f133953662091adbbbd"
        },
        {
          "type": "icon",
          "assetId": "GL9zdLj8kdoR",
          "checksum": "0708b02ea0c6a43b77a8cb1249b6002b"
        },
        {
          "type": "icon",
          "assetId": "41ZqmsPmU_Wj",
          "checksum": "37c964d3b3acffb2b9e47e07167527d5"
        },
        {
          "type": "icon",
          "assetId": "gyRmVzuSTKQt",
          "checksum": "420da97feb3da1c6934f19c931884a5b"
        },
        {
          "type": "icon",
          "assetId": "-8xF2Svr9fWy",
          "checksum": "28c5b4fbb322a9d9a2e278ceb8370477"
        },
        {
          "type": "icon",
          "assetId": "r7N0mIhdw8R_",
          "checksum": "bc5dc3746bb3f151f3375e48d4488766"
        },
        {
          "type": "image",
          "assetId": "QVB37s9Zukac",
          "checksum": "87a9dad4d5eae967e7bd3128d6b1d501"
        },
        {
          "type": "image",
          "assetId": "daZHSZt55Rtb",
          "checksum": "4baa47339388b12563dc0ddcb4343aff"
        },
        {
          "type": "image",
          "assetId": "nGph3QCx6tcs",
          "checksum": "9b24c4b4966e1c56793be19b4661ed48"
        },
        {
          "type": "image",
          "assetId": "lV8veiIhPt8Y",
          "checksum": "4c1412aa323f6c2ee221a1b803306a65"
        }
      ],
      "codegenVersion": "0.0.1"
    },
    {
      "projectId": "caTPwKxj5ZrD9LQ7DMdK4Z",
      "version": "3.36.0",
      "dependencies": {},
      "lang": "js",
      "fileLocks": [
        {
          "assetId": "caTPwKxj5ZrD9LQ7DMdK4Z",
          "type": "projectCss",
          "checksum": "e1ec850476829c38b0f9b6d4f7ac446a"
        }
      ],
      "codegenVersion": "0.0.1"
    },
    {
      "projectId": "8PtdGodUbexNYgkuyBUcWu",
      "version": "3.24.0",
      "dependencies": {},
      "lang": "js",
      "fileLocks": [
        {
          "assetId": "8PtdGodUbexNYgkuyBUcWu",
          "type": "projectCss",
          "checksum": "938244692ddaafd351b253f33afb418e"
        },
        {
          "assetId": "8PtdGodUbexNYgkuyBUcWu",
          "checksum": "34a063f27f0b27a7d1d344bc6b5252c5",
          "type": "globalContexts"
        }
      ],
      "codegenVersion": "0.0.1"
    },
    {
      "projectId": "gLnoj82AzKVVT7qXiqAbHD",
      "version": "2.11.0",
      "dependencies": {},
      "lang": "js",
      "fileLocks": [
        {
          "assetId": "gLnoj82AzKVVT7qXiqAbHD",
          "type": "projectCss",
          "checksum": "e1ec850476829c38b0f9b6d4f7ac446a"
        },
        {
          "type": "renderModule",
          "assetId": "lBHNzts6tFyj",
          "checksum": "3482cf1d8825efca807e7a0e0247e69e"
        },
        {
          "type": "cssRules",
          "assetId": "lBHNzts6tFyj",
          "checksum": "3482cf1d8825efca807e7a0e0247e69e"
        },
        {
          "type": "icon",
          "assetId": "zq2s7N0xWucT",
          "checksum": "61b12414624174db4cd2e3e683119fcb"
        },
        {
          "type": "icon",
          "assetId": "8K40faRNhuCj",
          "checksum": "4fedd32cd8730884585d804464a39318"
        }
      ],
      "codegenVersion": "0.0.1"
    },
    {
      "projectId": "7nJ7UcFmq9UzB6eXfC5z4a",
      "version": "0.28.0",
      "dependencies": {},
      "lang": "js",
      "fileLocks": [
        {
          "assetId": "7nJ7UcFmq9UzB6eXfC5z4a",
          "type": "projectCss",
          "checksum": "806e75b741d37c4c53b87355cf8dfab1"
        }
      ],
      "codegenVersion": "0.0.1"
    }
  ],
  "cliVersion": "0.1.330"
}
